
Microsoft Visual Studio Solution File, Format Version 12.00
# Visual Studio Version 16
VisualStudioVersion = 16.0.33130.400
MinimumVisualStudioVersion = 10.0.40219.1
Project("{FAE04EC0-301F-11D3-BF4B-00C04F79EFBC}") = "EmplyeeReactWithExcel", "EmplyeeReactWithExcel\EmplyeeReactWithExcel.csproj", "{2018558A-B37B-4902-97F3-60D19B99D030}"
EndProject
Global
	GlobalSection(SolutionConfigurationPlatforms) = preSolution
		Debug|Any CPU = Debug|Any CPU
		Release|Any CPU = Release|Any CPU
	EndGlobalSection
	GlobalSection(ProjectConfigurationPlatforms) = postSolution
		{2018558A-B37B-4902-97F3-60D19B99D030}.Debug|Any CPU.ActiveCfg = Debug|Any CPU
		{2018558A-B37B-4902-97F3-60D19B99D030}.Debug|Any CPU.Build.0 = Debug|Any CPU
		{2018558A-B37B-4902-97F3-60D19B99D030}.Release|Any CPU.ActiveCfg = Release|Any CPU
		{2018558A-B37B-4902-97F3-60D19B99D030}.Release|Any CPU.Build.0 = Release|Any CPU
	EndGlobalSection
	GlobalSection(SolutionProperties) = preSolution
		HideSolutionNode = FALSE
	EndGlobalSection
	GlobalSection(ExtensibilityGlobals) = postSolution
		SolutionGuid = {FE898DAB-7517-41D6-822C-EFEA9E21FF27}
	EndGlobalSection
EndGlobal
